
Microsoft Visual Studio Solution File, Format Version 12.00
# Visual Studio 15
Project("{FAE04EC0-301F-11D3-BF4B-00C04F79EFBC}") = "MultiplatformTest", "MultiplatformTest.csproj", "{3A69F840-1241-43F5-8461-3A2416695E88}"
EndProject
Global
	GlobalSection(SolutionConfigurationPlatforms) = preSolution
		Debug|anycpu = Debug|anycpu
		Release|anycpu = Release|anycpu
	EndGlobalSection
	GlobalSection(ProjectConfigurationPlatforms) = postSolution
		{3A69F840-1241-43F5-8461-3A2416695E88}.Debug|anycpu.ActiveCfg = Debug|anycpu
		{3A69F840-1241-43F5-8461-3A2416695E88}.Debug|anycpu.Build.0 = Debug|anycpu
		{3A69F840-1241-43F5-8461-3A2416695E88}.Release|anycpu.ActiveCfg = Release|anycpu
		{3A69F840-1241-43F5-8461-3A2416695E88}.Release|anycpu.Build.0 = Release|anycpu
	EndGlobalSection
EndGlobal
